
Microsoft Visual Studio Solution File, Format Version 12.00
# Visual Studio Version 16
VisualStudioVersion = 16.0.30717.126
MinimumVisualStudioVersion = 10.0.40219.1
Project("{FAE04EC0-301F-11D3-BF4B-00C04F79EFBC}") = "CSH1_Tag_18_Aufgabe_G54_04", "CSH1_Tag_18_Aufgabe_G54_04\CSH1_Tag_18_Aufgabe_G54_04.csproj", "{6216C29F-94BE-423D-BC2C-0B1C78DEE3E2}"
EndProject
Global
	GlobalSection(SolutionConfigurationPlatforms) = preSolution
		Debug|Any CPU = Debug|Any CPU
		Release|Any CPU = Release|Any CPU
	EndGlobalSection
	GlobalSection(ProjectConfigurationPlatforms) = postSolution
		{6216C29F-94BE-423D-BC2C-0B1C78DEE3E2}.Debug|Any CPU.ActiveCfg = Debug|Any CPU
		{6216C29F-94BE-423D-BC2C-0B1C78DEE3E2}.Debug|Any CPU.Build.0 = Debug|Any CPU
		{6216C29F-94BE-423D-BC2C-0B1C78DEE3E2}.Release|Any CPU.ActiveCfg = Release|Any CPU
		{6216C29F-94BE-423D-BC2C-0B1C78DEE3E2}.Release|Any CPU.Build.0 = Release|Any CPU
	EndGlobalSection
	GlobalSection(SolutionProperties) = preSolution
		HideSolutionNode = FALSE
	EndGlobalSection
	GlobalSection(ExtensibilityGlobals) = postSolution
		SolutionGuid = {A10C03DA-06F0-44D9-87FA-31DDF02157F1}
	EndGlobalSection
EndGlobal
